
Microsoft Visual Studio Solution File, Format Version 12.00
# Visual Studio Version 17
VisualStudioVersion = 17.13.35828.75 d17.13
MinimumVisualStudioVersion = 10.0.40219.1
Project("{FAE04EC0-301F-11D3-BF4B-00C04F79EFBC}") = "backend-lab-C16530", "backend-lab-C16530.csproj", "{BB76175F-1E46-4624-A963-DDA224E3D2E5}"
EndProject
Global
	GlobalSection(SolutionConfigurationPlatforms) = preSolution
		Debug|Any CPU = Debug|Any CPU
		Release|Any CPU = Release|Any CPU
	EndGlobalSection
	GlobalSection(ProjectConfigurationPlatforms) = postSolution
		{BB76175F-1E46-4624-A963-DDA224E3D2E5}.Debug|Any CPU.ActiveCfg = Debug|Any CPU
		{BB76175F-1E46-4624-A963-DDA224E3D2E5}.Debug|Any CPU.Build.0 = Debug|Any CPU
		{BB76175F-1E46-4624-A963-DDA224E3D2E5}.Release|Any CPU.ActiveCfg = Release|Any CPU
		{BB76175F-1E46-4624-A963-DDA224E3D2E5}.Release|Any CPU.Build.0 = Release|Any CPU
	EndGlobalSection
	GlobalSection(SolutionProperties) = preSolution
		HideSolutionNode = FALSE
	EndGlobalSection
	GlobalSection(ExtensibilityGlobals) = postSolution
		SolutionGuid = {7256C3D9-E9BE-4884-8BED-C6FB54D4DF9B}
	EndGlobalSection
EndGlobal
